
Microsoft Visual Studio Solution File, Format Version 12.00
Project("{FAE04EC0-301F-11D3-BF4B-00C04F79EFBC}") = "L2Automation.Demo", "L2Automation.Demo\L2Automation.Demo.csproj", "{FC671DCC-3717-416F-B461-D969F5063224}"
EndProject
Global
	GlobalSection(SolutionConfigurationPlatforms) = preSolution
		Debug|Any CPU = Debug|Any CPU
		Release|Any CPU = Release|Any CPU
	EndGlobalSection
	GlobalSection(ProjectConfigurationPlatforms) = postSolution
		{FC671DCC-3717-416F-B461-D969F5063224}.Debug|Any CPU.ActiveCfg = Debug|Any CPU
		{FC671DCC-3717-416F-B461-D969F5063224}.Debug|Any CPU.Build.0 = Debug|Any CPU
		{FC671DCC-3717-416F-B461-D969F5063224}.Release|Any CPU.ActiveCfg = Release|Any CPU
		{FC671DCC-3717-416F-B461-D969F5063224}.Release|Any CPU.Build.0 = Release|Any CPU
	EndGlobalSection
EndGlobal
